{
    "_readme": [
        "This file locks the dependencies of your project to a known state",
        "Read more about it at https://getcomposer.org/doc/01-basic-usage.md#composer-lock-the-lock-file",
        "This file is @generated automatically"
    ],
    "content-hash": "5076fcae9399dd34ff78dda620459a41",
    "packages": [],
    "packages-dev": [
        {
            "name": "filp/whoops",
            "version": "2.1.0",
            "source": {
                "type": "git",
                "url": "https://github.com/filp/whoops.git",
                "reference": "8da9523f07c62d56fe1cf36f8ae29b333afc181f"
            },
            "dist": {
                "type": "zip",
                "url": "https://api.github.com/repos/filp/whoops/zipball/8da9523f07c62d56fe1cf36f8ae29b333afc181f",
                "reference": "8da9523f07c62d56fe1cf36f8ae29b333afc181f",
                "shasum": ""
            },
            "require": {
                "php": ">=5.5.9"
            },
            "require-dev": {
                "mockery/mockery": "0.9.*",
                "phpunit/phpunit": "^4.8 || ^5.0",
                "symfony/var-dumper": "~3.0"
            },
            "suggest": {
                "symfony/var-dumper": "Pretty print complex values better with var-dumper available",
                "whoops/soap": "Formats errors as SOAP responses"
            },
            "type": "library",
            "extra": {
                "branch-alias": {
                    "dev-master": "2.0-dev"
                }
            },
            "autoload": {
                "psr-4": {
                    "Whoops\\": "src/Whoops/"
                }
            },
            "notification-url": "https://packagist.org/downloads/",
            "license": [
                "MIT"
            ],
            "authors": [
                {
                    "name": "Filipe Dobreira",
                    "homepage": "https://github.com/filp",
                    "role": "Developer"
                }
            ],
            "description": "php error handling for cool kids",
            "homepage": "https://github.com/filp/whoops",
            "keywords": [
                "error",
                "exception",
                "handling",
                "library",
                "whoops",
                "zf2"
            ],
            "time": "2016-03-13T10:22:39+00:00"
        },
        {
            "name": "kint-php/kint",
            "version": "2.1.2",
            "source": {
                "type": "git",
                "url": "https://github.com/kint-php/kint.git",
                "reference": "1a1104729f10277b06d7db742d3c98d1881d4d7e"
            },
            "dist": {
                "type": "zip",
                "url": "https://api.github.com/repos/kint-php/kint/zipball/1a1104729f10277b06d7db742d3c98d1881d4d7e",
                "reference": "1a1104729f10277b06d7db742d3c98d1881d4d7e",
                "shasum": ""
            },
            "require": {
                "php": ">=5.1.2"
            },
            "require-dev": {
                "friendsofphp/php-cs-fixer": "^2.0",
                "phpunit/phpunit": "^4.0",
                "symfony/finder": "^2.6"
            },
            "type": "library",
            "autoload": {
                "files": [
                    "init.php"
                ],
                "classmap": [
                    "src/"
                ]
            },
            "notification-url": "https://packagist.org/downloads/",
            "license": [
                "MIT"
            ],
            "authors": [
                {
                    "name": "Rokas Šleinius",
                    "homepage": "https://github.com/raveren"
                },
                {
                    "name": "Jonathan Vollebregt",
                    "homepage": "https://github.com/jnvsor"
                },
                {
                    "name": "Contributors",
                    "homepage": "https://github.com/kint-php/kint/graphs/contributors"
                }
            ],
            "description": "Kint - debugging tool for PHP developers",
            "homepage": "https://kint-php.github.io/kint/",
            "keywords": [
                "debug",
                "kint",
                "php"
            ],
            "time": "2017-07-03T20:08:05+00:00"
        }
    ],
    "aliases": [],
    "minimum-stability": "dev",
    "stability-flags": [],
    "prefer-stable": false,
    "prefer-lowest": false,
    "platform": {
        "php": ">=5.5.12"
    },
    "platform-dev": []
}
